// !$*UTF8*$!
{
	archiveVersion = 1;
	classes = {
	};
	objectVersion = 50;
	objects = {

/* Begin PBXBuildFile section */
		C3D3054220D80770006FD0AA /* AppDelegate.m in Sources */ = {isa = PBXBuildFile; fileRef = C3D3054120D80770006FD0AA /* AppDelegate.m */; };
		C3D3054520D80770006FD0AA /* ViewController.m in Sources */ = {isa = PBXBuildFile; fileRef = C3D3054420D80770006FD0AA /* ViewController.m */; };
		C3D3054820D80770006FD0AA /* Main.storyboard in Resources */ = {isa = PBXBuildFile; fileRef = C3D3054620D80770006FD0AA /* Main.storyboard */; };
		C3D3054A20D80771006FD0AA /* Assets.xcassets in Resources */ = {isa = PBXBuildFile; fileRef = C3D3054920D80771006FD0AA /* Assets.xcassets */; };
		C3D3054D20D80771006FD0AA /* LaunchScreen.storyboard in Resources */ = {isa = PBXBuildFile; fileRef = C3D3054B20D80771006FD0AA /* LaunchScreen.storyboard */; };
		C3D3055020D80771006FD0AA /* main.m in Sources */ = {isa = PBXBuildFile; fileRef = C3D3054F20D80771006FD0AA /* main.m */; };
/* End PBXBuildFile section */

/* Begin PBXFileReference section */
		C3D3053D20D80770006FD0AA /* ScrollView-Image-Galleries.app */ = {isa = PBXFileReference; explicitFileType = wrapper.application; includeInIndex = 0; path = "ScrollView-Image-Galleries.app"; sourceTree = BUILT_PRODUCTS_DIR; };
		C3D3054020D80770006FD0AA /* AppDelegate.h */ = {isa = PBXFileReference; lastKnownFileType = sourcecode.c.h; path = AppDelegate.h; sourceTree = "<group>"; };
		C3D3054120D80770006FD0AA /* AppDelegate.m */ = {isa = PBXFileReference; lastKnownFileType = sourcecode.c.objc; path = AppDelegate.m; sourceTree = "<group>"; };
		C3D3054320D80770006FD0AA /* ViewController.h */ = {isa = PBXFileReference; lastKnownFileType = sourcecode.c.h; path = ViewController.h; sourceTree = "<group>"; };
		C3D3054420D80770006FD0AA /* ViewController.m */ = {isa = PBXFileReference; lastKnownFileType = sourcecode.c.objc; path = ViewController.m; sourceTree = "<group>"; };
		C3D3054720D80770006FD0AA /* Base */ = {isa = PBXFileReference; lastKnownFileType = file.storyboard; name = Base; path = Base.lproj/Main.storyboard; sourceTree = "<group>"; };
		C3D3054920D80771006FD0AA /* Assets.xcassets */ = {isa = PBXFileReference; lastKnownFileType = folder.assetcatalog; path = Assets.xcassets; sourceTree = "<group>"; };
		C3D3054C20D80771006FD0AA /* Base */ = {isa = PBXFileReference; lastKnownFileType = file.storyboard; name = Base; path = Base.lproj/LaunchScreen.storyboard; sourceTree = "<group>"; };
		C3D3054E20D80771006FD0AA /* Info.plist */ = {isa = PBXFileReference; lastKnownFileType = text.plist.xml; path = Info.plist; sourceTree = "<group>"; };
		C3D3054F20D80771006FD0AA /* main.m */ = {isa = PBXFileReference; lastKnownFileType = sourcecode.c.objc; path = main.m; sourceTree = "<group>"; };
/* End PBXFileReference section */

/* Begin PBXFrameworksBuildPhase section */
		C3D3053A20D80770006FD0AA /* Frameworks */ = {
			isa = PBXFrameworksBuildPhase;
			buildActionMask = 2147483647;
			files = (
			);
			runOnlyForDeploymentPostprocessing = 0;
		};
/* End PBXFrameworksBuildPhase section */

/* Begin PBXGroup section */
		C3D3053420D80770006FD0AA = {
			isa = PBXGroup;
			children = (
				C3D3053F20D80770006FD0AA /* ScrollView-Image-Galleries */,
				C3D3053E20D80770006FD0AA /* Products */,
			);
			sourceTree = "<group>";
		};
		C3D3053E20D80770006FD0AA /* Products */ = {
			isa = PBXGroup;
			children = (
				C3D3053D20D80770006FD0AA /* ScrollView-Image-Galleries.app */,
			);
			name = Products;
			sourceTree = "<group>";
		};
		C3D3053F20D80770006FD0AA /* ScrollView-Image-Galleries */ = {
			isa = PBXGroup;
			children = (
				C3D3054020D80770006FD0AA /* AppDelegate.h */,
				C3D3054120D80770006FD0AA /* AppDelegate.m */,
				C3D3054320D80770006FD0AA /* ViewController.h */,
				C3D3054420D80770006FD0AA /* ViewController.m */,
				C3D3054620D80770006FD0AA /* Main.storyboard */,
				C3D3054920D80771006FD0AA /* Assets.xcassets */,
				C3D3054B20D80771006FD0AA /* LaunchScreen.storyboard */,
				C3D3054E20D80771006FD0AA /* Info.plist */,
				C3D3054F20D80771006FD0AA /* main.m */,
			);
			path = "ScrollView-Image-Galleries";
			sourceTree = "<group>";
		};
/* End PBXGroup section */

/* Begin PBXNativeTarget section */
		C3D3053C20D80770006FD0AA /* ScrollView-Image-Galleries */ = {
			isa = PBXNativeTarget;
			buildConfigurationList = C3D3055320D80771006FD0AA /* Build configuration list for PBXNativeTarget "ScrollView-Image-Galleries" */;
			buildPhases = (
				C3D3053920D80770006FD0AA /* Sources */,
				C3D3053A20D80770006FD0AA /* Frameworks */,
				C3D3053B20D80770006FD0AA /* Resources */,
			);
			buildRules = (
			);
			dependencies = (
			);
			name = "ScrollView-Image-Galleries";
			productName = "ScrollView-Image-Galleries";
			productReference = C3D3053D20D80770006FD0AA /* ScrollView-Image-Galleries.app */;
			productType = "com.apple.product-type.application";
		};
/* End PBXNativeTarget section */

/* Begin PBXProject section */
		C3D3053520D80770006FD0AA /* Project object */ = {
			isa = PBXProject;
			attributes = {
				LastUpgradeCheck = 0940;
				ORGANIZATIONNAME = "Erik Goossens";
				TargetAttributes = {
					C3D3053C20D80770006FD0AA = {
						CreatedOnToolsVersion = 9.4;
					};
				};
			};
			buildConfigurationList = C3D3053820D80770006FD0AA /* Build configuration list for PBXProject "ScrollView-Image-Galleries" */;
			compatibilityVersion = "Xcode 9.3";
			developmentRegion = en;
			hasScannedForEncodings = 0;
			knownRegions = (
				en,
				Base,
			);
			mainGroup = C3D3053420D80770006FD0AA;
			productRefGroup = C3D3053E20D80770006FD0AA /* Products */;
			projectDirPath = "";
			projectRoot = "";
			targets = (
				C3D3053C20D80770006FD0AA /* ScrollView-Image-Galleries */,
			);
		};
/* End PBXProject section */

/* Begin PBXResourcesBuildPhase section */
		C3D3053B20D80770006FD0AA /* Resources */ = {
			isa = PBXResourcesBuildPhase;
			buildActionMask = 2147483647;
			files = (
				C3D3054D20D80771006FD0AA /* LaunchScreen.storyboard in Resources */,
				C3D3054A20D80771006FD0AA /* Assets.xcassets in Resources */,
				C3D3054820D80770006FD0AA /* Main.storyboard in Resources */,
			);
			runOnlyForDeploymentPostprocessing = 0;
		};
/* End PBXResourcesBuildPhase section */

/* Begin PBXSourcesBuildPhase section */
		C3D3053920D80770006FD0AA /* Sources */ = {
			isa = PBXSourcesBuildPhase;
			buildActionMask = 2147483647;
			files = (
				C3D3054520D80770006FD0AA /* ViewController.m in Sources */,
				C3D3055020D80771006FD0AA /* main.m in Sources */,
				C3D3054220D80770006FD0AA /* AppDelegate.m in Sources */,
			);
			runOnlyForDeploymentPostprocessing = 0;
		};
/* End PBXSourcesBuildPhase section */

/* Begin PBXVariantGroup section */
		C3D3054620D80770006FD0AA /* Main.storyboard */ = {
			isa = PBXVariantGroup;
			children = (
				C3D3054720D80770006FD0AA /* Base */,
			);
			name = Main.storyboard;
			sourceTree = "<group>";
		};
		C3D3054B20D80771006FD0AA /* LaunchScreen.storyboard */ = {
			isa = PBXVariantGroup;
			children = (
				C3D3054C20D80771006FD0AA /* Base */,
			);
			name = LaunchScreen.storyboard;
			sourceTree = "<group>";
		};
/* End PBXVariantGroup section */

/* Begin XCBuildConfiguration section */
		C3D3055120D80771006FD0AA /* Debug */ = {
			isa = XCBuildConfiguration;
			buildSettings = {
				ALWAYS_SEARCH_USER_PATHS = NO;
				CLANG_ANALYZER_NONNULL = YES;
				CLANG_ANALYZER_NUMBER_OBJECT_CONVERSION = YES_AGGRESSIVE;
				CLANG_CXX_LANGUAGE_STANDARD = "gnu++14";
				CLANG_CXX_LIBRARY = "libc++";
				CLANG_ENABLE_MODULES = YES;
				CLANG_ENABLE_OBJC_ARC = YES;
				CLANG_ENABLE_OBJC_WEAK = YES;
				CLANG_WARN_BLOCK_CAPTURE_AUTORELEASING = YES;
				CLANG_WARN_BOOL_CONVERSION = YES;
				CLANG_WARN_COMMA = YES;
				CLANG_WARN_CONSTANT_CONVERSION = YES;
				CLANG_WARN_DEPRECATED_OBJC_IMPLEMENTATIONS = YES;
				CLANG_WARN_DIRECT_OBJC_ISA_USAGE = YES_ERROR;
				CLANG_WARN_DOCUMENTATION_COMMENTS = YES;
				CLANG_WARN_EMPTY_BODY = YES;
				CLANG_WARN_ENUM_CONVERSION = YES;
				CLANG_WARN_INFINITE_RECURSION = YES;
				CLANG_WARN_INT_CONVERSION = YES;
				CLANG_WARN_NON_LITERAL_NULL_CONVERSION = YES;
				CLANG_WARN_OBJC_IMPLICIT_RETAIN_SELF = YES;
				CLANG_WARN_OBJC_LITERAL_CONVERSION = YES;
				CLANG_WARN_OBJC_ROOT_CLASS = YES_ERROR;
				CLANG_WARN_RANGE_LOOP_ANALYSIS = YES;
				CLANG_WARN_STRICT_PROTOTYPES = YES;
				CLANG_WARN_SUSPICIOUS_MOVE = YES;
				CLANG_WARN_UNGUARDED_AVAILABILITY = YES_AGGRESSIVE;
				CLANG_WARN_UNREACHABLE_CODE = YES;
				CLANG_WARN__DUPLICATE_METHOD_MATCH = YES;
				CODE_SIGN_IDENTITY = "iPhone Developer";
				COPY_PHASE_STRIP = NO;
				DEBUG_INFORMATION_FORMAT = dwarf;
				ENABLE_STRICT_OBJC_MSGSEND = YES;
				ENABLE_TESTABILITY = YES;
				GCC_C_LANGUAGE_STANDARD = gnu11;
				GCC_DYNAMIC_NO_PIC = NO;
				GCC_NO_COMMON_BLOCKS = YES;
				GCC_OPTIMIZATION_LEVEL = 0;
				GCC_PREPROCESSOR_DEFINITIONS = (
					"DEBUG=1",
					"$(inherited)",
				);
				GCC_WARN_64_TO_32_BIT_CONVERSION = YES;
				GCC_WARN_ABOUT_RETURN_TYPE = YES_ERROR;
				GCC_WARN_UNDECLARED_SELECTOR = YES;
				GCC_WARN_UNINITIALIZED_AUTOS = YES_AGGRESSIVE;
				GCC_WARN_UNUSED_FUNCTION = YES;
				GCC_WARN_UNUSED_VARIABLE = YES;
				IPHONEOS_DEPLOYMENT_TARGET = 11.4;
				MTL_ENABLE_DEBUG_INFO = YES;
				ONLY_ACTIVE_ARCH = YES;
				SDKROOT = iphoneos;
			};
			name = Debug;
		};
		C3D3055220D80771006FD0AA /* Release */ = {
			isa = XCBuildConfiguration;
			buildSettings = {
				ALWAYS_SEARCH_USER_PATHS = NO;
				CLANG_ANALYZER_NONNULL = YES;
				CLANG_ANALYZER_NUMBER_OBJECT_CONVERSION = YES_AGGRESSIVE;
				CLANG_CXX_LANGUAGE_STANDARD = "gnu++14";
				CLANG_CXX_LIBRARY = "libc++";
				CLANG_ENABLE_MODULES = YES;
				CLANG_ENABLE_OBJC_ARC = YES;
				CLANG_ENABLE_OBJC_WEAK = YES;
				CLANG_WARN_BLOCK_CAPTURE_AUTORELEASING = YES;
				CLANG_WARN_BOOL_CONVERSION = YES;
				CLANG_WARN_COMMA = YES;
				CLANG_WARN_CONSTANT_CONVERSION = YES;
				CLANG_WARN_DEPRECATED_OBJC_IMPLEMENTATIONS = YES;
				CLANG_WARN_DIRECT_OBJC_ISA_USAGE = YES_ERROR;
				CLANG_WARN_DOCUMENTATION_COMMENTS = YES;
				CLANG_WARN_EMPTY_BODY = YES;
				CLANG_WARN_ENUM_CONVERSION = YES;
				CLANG_WARN_INFINITE_RECURSION = YES;
				CLANG_WARN_INT_CONVERSION = YES;
				CLANG_WARN_NON_LITERAL_NULL_CONVERSION = YES;
				CLANG_WARN_OBJC_IMPLICIT_RETAIN_SELF = YES;
				CLANG_WARN_OBJC_LITERAL_CONVERSION = YES;
				CLANG_WARN_OBJC_ROOT_CLASS = YES_ERROR;
				CLANG_WARN_RANGE_LOOP_ANALYSIS = YES;
				CLANG_WARN_STRICT_PROTOTYPES = YES;
				CLANG_WARN_SUSPICIOUS_MOVE = YES;
				CLANG_WARN_UNGUARDED_AVAILABILITY = YES_AGGRESSIVE;
				CLANG_WARN_UNREACHABLE_CODE = YES;
				CLANG_WARN__DUPLICATE_METHOD_MATCH = YES;
				CODE_SIGN_IDENTITY = "iPhone Developer";
				COPY_PHASE_STRIP = NO;
				DEBUG_INFORMATION_FORMAT = "dwarf-with-dsym";
				ENABLE_NS_ASSERTIONS = NO;
				ENABLE_STRICT_OBJC_MSGSEND = YES;
				GCC_C_LANGUAGE_STANDARD = gnu11;
				GCC_NO_COMMON_BLOCKS = YES;
				GCC_WARN_64_TO_32_BIT_CONVERSION = YES;
				GCC_WARN_ABOUT_RETURN_TYPE = YES_ERROR;
				GCC_WARN_UNDECLARED_SELECTOR = YES;
				GCC_WARN_UNINITIALIZED_AUTOS = YES_AGGRESSIVE;
				GCC_WARN_UNUSED_FUNCTION = YES;
				GCC_WARN_UNUSED_VARIABLE = YES;
				IPHONEOS_DEPLOYMENT_TARGET = 11.4;
				MTL_ENABLE_DEBUG_INFO = NO;
				SDKROOT = iphoneos;
				VALIDATE_PRODUCT = YES;
			};
			name = Release;
		};
		C3D3055420D80771006FD0AA /* Debug */ = {
			isa = XCBuildConfiguration;
			buildSettings = {
				ASSETCATALOG_COMPILER_APPICON_NAME = AppIcon;
				CODE_SIGN_STYLE = Automatic;
				INFOPLIST_FILE = "ScrollView-Image-Galleries/Info.plist";
				LD_RUNPATH_SEARCH_PATHS = (
					"$(inherited)",
					"@executable_path/Frameworks",
				);
				PRODUCT_BUNDLE_IDENTIFIER = "com.ErikGoossens.ScrollView-Image-Galleries";
				PRODUCT_NAME = "$(TARGET_NAME)";
				TARGETED_DEVICE_FAMILY = "1,2";
			};
			name = Debug;
		};
		C3D3055520D80771006FD0AA /* Release */ = {
			isa = XCBuildConfiguration;
			buildSettings = {
				ASSETCATALOG_COMPILER_APPICON_NAME = AppIcon;
				CODE_SIGN_STYLE = Automatic;
				INFOPLIST_FILE = "ScrollView-Image-Galleries/Info.plist";
				LD_RUNPATH_SEARCH_PATHS = (
					"$(inherited)",
					"@executable_path/Frameworks",
				);
				PRODUCT_BUNDLE_IDENTIFIER = "com.ErikGoossens.ScrollView-Image-Galleries";
				PRODUCT_NAME = "$(TARGET_NAME)";
				TARGETED_DEVICE_FAMILY = "1,2";
			};
			name = Release;
		};
/* End XCBuildConfiguration section */

/* Begin XCConfigurationList section */
		C3D3053820D80770006FD0AA /* Build configuration list for PBXProject "ScrollView-Image-Galleries" */ = {
			isa = XCConfigurationList;
			buildConfigurations = (
				C3D3055120D80771006FD0AA /* Debug */,
				C3D3055220D80771006FD0AA /* Release */,
			);
			defaultConfigurationIsVisible = 0;
			defaultConfigurationName = Release;
		};
		C3D3055320D80771006FD0AA /* Build configuration list for PBXNativeTarget "ScrollView-Image-Galleries" */ = {
			isa = XCConfigurationList;
			buildConfigurations = (
				C3D3055420D80771006FD0AA /* Debug */,
				C3D3055520D80771006FD0AA /* Release */,
			);
			defaultConfigurationIsVisible = 0;
			defaultConfigurationName = Release;
		};
/* End XCConfigurationList section */
	};
	rootObject = C3D3053520D80770006FD0AA /* Project object */;
}
